// !$*UTF8*$!
{
	archiveVersion = 1;
	classes = {
	};
	objectVersion = 56;
	objects = {

/* Begin PBXBuildFile section */
		EB7B7BE1298BF127002345E4 /* AppDelegate.swift in Sources */ = {isa = PBXBuildFile; fileRef = EB7B7BE0298BF127002345E4 /* AppDelegate.swift */; };
		EB7B7BE3298BF127002345E4 /* SceneDelegate.swift in Sources */ = {isa = PBXBuildFile; fileRef = EB7B7BE2298BF127002345E4 /* SceneDelegate.swift */; };
		EB7B7BE5298BF127002345E4 /* ViewController.swift in Sources */ = {isa = PBXBuildFile; fileRef = EB7B7BE4298BF127002345E4 /* ViewController.swift */; };
		EB7B7BE8298BF127002345E4 /* Main.storyboard in Resources */ = {isa = PBXBuildFile; fileRef = EB7B7BE6298BF127002345E4 /* Main.storyboard */; };
		EB7B7BEA298BF128002345E4 /* Assets.xcassets in Resources */ = {isa = PBXBuildFile; fileRef = EB7B7BE9298BF128002345E4 /* Assets.xcassets */; };
		EB7B7BED298BF128002345E4 /* LaunchScreen.storyboard in Resources */ = {isa = PBXBuildFile; fileRef = EB7B7BEB298BF128002345E4 /* LaunchScreen.storyboard */; };
		EB7B7BF5298BF240002345E4 /* Sign.swift in Sources */ = {isa = PBXBuildFile; fileRef = EB7B7BF4298BF240002345E4 /* Sign.swift */; };
		EB7B7BFA298C0688002345E4 /* GameState.swift in Sources */ = {isa = PBXBuildFile; fileRef = EB7B7BF9298C0688002345E4 /* GameState.swift */; };
/* End PBXBuildFile section */

/* Begin PBXFileReference section */
		EB7B7BDD298BF127002345E4 /* RPS23.app */ = {isa = PBXFileReference; explicitFileType = wrapper.application; includeInIndex = 0; path = RPS23.app; sourceTree = BUILT_PRODUCTS_DIR; };
		EB7B7BE0298BF127002345E4 /* AppDelegate.swift */ = {isa = PBXFileReference; lastKnownFileType = sourcecode.swift; path = AppDelegate.swift; sourceTree = "<group>"; };
		EB7B7BE2298BF127002345E4 /* SceneDelegate.swift */ = {isa = PBXFileReference; lastKnownFileType = sourcecode.swift; path = SceneDelegate.swift; sourceTree = "<group>"; };
		EB7B7BE4298BF127002345E4 /* ViewController.swift */ = {isa = PBXFileReference; lastKnownFileType = sourcecode.swift; path = ViewController.swift; sourceTree = "<group>"; };
		EB7B7BE7298BF127002345E4 /* Base */ = {isa = PBXFileReference; lastKnownFileType = file.storyboard; name = Base; path = Base.lproj/Main.storyboard; sourceTree = "<group>"; };
		EB7B7BE9298BF128002345E4 /* Assets.xcassets */ = {isa = PBXFileReference; lastKnownFileType = folder.assetcatalog; path = Assets.xcassets; sourceTree = "<group>"; };
		EB7B7BEC298BF128002345E4 /* Base */ = {isa = PBXFileReference; lastKnownFileType = file.storyboard; name = Base; path = Base.lproj/LaunchScreen.storyboard; sourceTree = "<group>"; };
		EB7B7BEE298BF128002345E4 /* Info.plist */ = {isa = PBXFileReference; lastKnownFileType = text.plist.xml; path = Info.plist; sourceTree = "<group>"; };
		EB7B7BF4298BF240002345E4 /* Sign.swift */ = {isa = PBXFileReference; lastKnownFileType = sourcecode.swift; path = Sign.swift; sourceTree = "<group>"; };
		EB7B7BF6298BF2DF002345E4 /* README.md */ = {isa = PBXFileReference; lastKnownFileType = net.daringfireball.markdown; path = README.md; sourceTree = "<group>"; };
		EB7B7BF9298C0688002345E4 /* GameState.swift */ = {isa = PBXFileReference; lastKnownFileType = sourcecode.swift; path = GameState.swift; sourceTree = "<group>"; };
		EBFC5E20299287270079969F /* rock_paper_scissors.py */ = {isa = PBXFileReference; lastKnownFileType = text.script.python; path = rock_paper_scissors.py; sourceTree = "<group>"; };
/* End PBXFileReference section */

/* Begin PBXFrameworksBuildPhase section */
		EB7B7BDA298BF127002345E4 /* Frameworks */ = {
			isa = PBXFrameworksBuildPhase;
			buildActionMask = 2147483647;
			files = (
			);
			runOnlyForDeploymentPostprocessing = 0;
		};
/* End PBXFrameworksBuildPhase section */

/* Begin PBXGroup section */
		EB7B7BD4298BF127002345E4 = {
			isa = PBXGroup;
			children = (
				EB7B7BF6298BF2DF002345E4 /* README.md */,
				EBFC5E20299287270079969F /* rock_paper_scissors.py */,
				EB7B7BDF298BF127002345E4 /* RPS23 */,
				EB7B7BDE298BF127002345E4 /* Products */,
			);
			sourceTree = "<group>";
		};
		EB7B7BDE298BF127002345E4 /* Products */ = {
			isa = PBXGroup;
			children = (
				EB7B7BDD298BF127002345E4 /* RPS23.app */,
			);
			name = Products;
			sourceTree = "<group>";
		};
		EB7B7BDF298BF127002345E4 /* RPS23 */ = {
			isa = PBXGroup;
			children = (
				EB7B7BF7298BF405002345E4 /* Delegates */,
				EB7B7BF8298C05B9002345E4 /* Data Models */,
				EB7B7BE4298BF127002345E4 /* ViewController.swift */,
				EB7B7BE6298BF127002345E4 /* Main.storyboard */,
				EB7B7BE9298BF128002345E4 /* Assets.xcassets */,
				EB7B7BEB298BF128002345E4 /* LaunchScreen.storyboard */,
				EB7B7BEE298BF128002345E4 /* Info.plist */,
			);
			path = RPS23;
			sourceTree = "<group>";
		};
		EB7B7BF7298BF405002345E4 /* Delegates */ = {
			isa = PBXGroup;
			children = (
				EB7B7BE0298BF127002345E4 /* AppDelegate.swift */,
				EB7B7BE2298BF127002345E4 /* SceneDelegate.swift */,
			);
			path = Delegates;
			sourceTree = "<group>";
		};
		EB7B7BF8298C05B9002345E4 /* Data Models */ = {
			isa = PBXGroup;
			children = (
				EB7B7BF4298BF240002345E4 /* Sign.swift */,
				EB7B7BF9298C0688002345E4 /* GameState.swift */,
			);
			path = "Data Models";
			sourceTree = "<group>";
		};
/* End PBXGroup section */

/* Begin PBXNativeTarget section */
		EB7B7BDC298BF127002345E4 /* RPS23 */ = {
			isa = PBXNativeTarget;
			buildConfigurationList = EB7B7BF1298BF128002345E4 /* Build configuration list for PBXNativeTarget "RPS23" */;
			buildPhases = (
				EB7B7BD9298BF127002345E4 /* Sources */,
				EB7B7BDA298BF127002345E4 /* Frameworks */,
				EB7B7BDB298BF127002345E4 /* Resources */,
			);
			buildRules = (
			);
			dependencies = (
			);
			name = RPS23;
			productName = RPS23;
			productReference = EB7B7BDD298BF127002345E4 /* RPS23.app */;
			productType = "com.apple.product-type.application";
		};
/* End PBXNativeTarget section */

/* Begin PBXProject section */
		EB7B7BD5298BF127002345E4 /* Project object */ = {
			isa = PBXProject;
			attributes = {
				BuildIndependentTargetsInParallel = 1;
				LastSwiftUpdateCheck = 1420;
				LastUpgradeCheck = 1420;
				TargetAttributes = {
					EB7B7BDC298BF127002345E4 = {
						CreatedOnToolsVersion = 14.2;
					};
				};
			};
			buildConfigurationList = EB7B7BD8298BF127002345E4 /* Build configuration list for PBXProject "RPS23" */;
			compatibilityVersion = "Xcode 14.0";
			developmentRegion = en;
			hasScannedForEncodings = 0;
			knownRegions = (
				en,
				Base,
			);
			mainGroup = EB7B7BD4298BF127002345E4;
			productRefGroup = EB7B7BDE298BF127002345E4 /* Products */;
			projectDirPath = "";
			projectRoot = "";
			targets = (
				EB7B7BDC298BF127002345E4 /* RPS23 */,
			);
		};
/* End PBXProject section */

/* Begin PBXResourcesBuildPhase section */
		EB7B7BDB298BF127002345E4 /* Resources */ = {
			isa = PBXResourcesBuildPhase;
			buildActionMask = 2147483647;
			files = (
				EB7B7BED298BF128002345E4 /* LaunchScreen.storyboard in Resources */,
				EB7B7BEA298BF128002345E4 /* Assets.xcassets in Resources */,
				EB7B7BE8298BF127002345E4 /* Main.storyboard in Resources */,
			);
			runOnlyForDeploymentPostprocessing = 0;
		};
/* End PBXResourcesBuildPhase section */

/* Begin PBXSourcesBuildPhase section */
		EB7B7BD9298BF127002345E4 /* Sources */ = {
			isa = PBXSourcesBuildPhase;
			buildActionMask = 2147483647;
			files = (
				EB7B7BE5298BF127002345E4 /* ViewController.swift in Sources */,
				EB7B7BE1298BF127002345E4 /* AppDelegate.swift in Sources */,
				EB7B7BFA298C0688002345E4 /* GameState.swift in Sources */,
				EB7B7BE3298BF127002345E4 /* SceneDelegate.swift in Sources */,
				EB7B7BF5298BF240002345E4 /* Sign.swift in Sources */,
			);
			runOnlyForDeploymentPostprocessing = 0;
		};
/* End PBXSourcesBuildPhase section */

/* Begin PBXVariantGroup section */
		EB7B7BE6298BF127002345E4 /* Main.storyboard */ = {
			isa = PBXVariantGroup;
			children = (
				EB7B7BE7298BF127002345E4 /* Base */,
			);
			name = Main.storyboard;
			sourceTree = "<group>";
		};
		EB7B7BEB298BF128002345E4 /* LaunchScreen.storyboard */ = {
			isa = PBXVariantGroup;
			children = (
				EB7B7BEC298BF128002345E4 /* Base */,
			);
			name = LaunchScreen.storyboard;
			sourceTree = "<group>";
		};
/* End PBXVariantGroup section */

/* Begin XCBuildConfiguration section */
		EB7B7BEF298BF128002345E4 /* Debug */ = {
			isa = XCBuildConfiguration;
			buildSettings = {
				ALWAYS_SEARCH_USER_PATHS = NO;
				CLANG_ANALYZER_NONNULL = YES;
				CLANG_ANALYZER_NUMBER_OBJECT_CONVERSION = YES_AGGRESSIVE;
				CLANG_CXX_LANGUAGE_STANDARD = "gnu++20";
				CLANG_ENABLE_MODULES = YES;
				CLANG_ENABLE_OBJC_ARC = YES;
				CLANG_ENABLE_OBJC_WEAK = YES;
				CLANG_WARN_BLOCK_CAPTURE_AUTORELEASING = YES;
				CLANG_WARN_BOOL_CONVERSION = YES;
				CLANG_WARN_COMMA = YES;
				CLANG_WARN_CONSTANT_CONVERSION = YES;
				CLANG_WARN_DEPRECATED_OBJC_IMPLEMENTATIONS = YES;
				CLANG_WARN_DIRECT_OBJC_ISA_USAGE = YES_ERROR;
				CLANG_WARN_DOCUMENTATION_COMMENTS = YES;
				CLANG_WARN_EMPTY_BODY = YES;
				CLANG_WARN_ENUM_CONVERSION = YES;
				CLANG_WARN_INFINITE_RECURSION = YES;
				CLANG_WARN_INT_CONVERSION = YES;
				CLANG_WARN_NON_LITERAL_NULL_CONVERSION = YES;
				CLANG_WARN_OBJC_IMPLICIT_RETAIN_SELF = YES;
				CLANG_WARN_OBJC_LITERAL_CONVERSION = YES;
				CLANG_WARN_OBJC_ROOT_CLASS = YES_ERROR;
				CLANG_WARN_QUOTED_INCLUDE_IN_FRAMEWORK_HEADER = YES;
				CLANG_WARN_RANGE_LOOP_ANALYSIS = YES;
				CLANG_WARN_STRICT_PROTOTYPES = YES;
				CLANG_WARN_SUSPICIOUS_MOVE = YES;
				CLANG_WARN_UNGUARDED_AVAILABILITY = YES_AGGRESSIVE;
				CLANG_WARN_UNREACHABLE_CODE = YES;
				CLANG_WARN__DUPLICATE_METHOD_MATCH = YES;
				COPY_PHASE_STRIP = NO;
				DEBUG_INFORMATION_FORMAT = dwarf;
				ENABLE_STRICT_OBJC_MSGSEND = YES;
				ENABLE_TESTABILITY = YES;
				GCC_C_LANGUAGE_STANDARD = gnu11;
				GCC_DYNAMIC_NO_PIC = NO;
				GCC_NO_COMMON_BLOCKS = YES;
				GCC_OPTIMIZATION_LEVEL = 0;
				GCC_PREPROCESSOR_DEFINITIONS = (
					"DEBUG=1",
					"$(inherited)",
				);
				GCC_WARN_64_TO_32_BIT_CONVERSION = YES;
				GCC_WARN_ABOUT_RETURN_TYPE = YES_ERROR;
				GCC_WARN_UNDECLARED_SELECTOR = YES;
				GCC_WARN_UNINITIALIZED_AUTOS = YES_AGGRESSIVE;
				GCC_WARN_UNUSED_FUNCTION = YES;
				GCC_WARN_UNUSED_VARIABLE = YES;
				IPHONEOS_DEPLOYMENT_TARGET = 16.2;
				MTL_ENABLE_DEBUG_INFO = INCLUDE_SOURCE;
				MTL_FAST_MATH = YES;
				ONLY_ACTIVE_ARCH = YES;
				SDKROOT = iphoneos;
				SWIFT_ACTIVE_COMPILATION_CONDITIONS = DEBUG;
				SWIFT_OPTIMIZATION_LEVEL = "-Onone";
			};
			name = Debug;
		};
		EB7B7BF0298BF128002345E4 /* Release */ = {
			isa = XCBuildConfiguration;
			buildSettings = {
				ALWAYS_SEARCH_USER_PATHS = NO;
				CLANG_ANALYZER_NONNULL = YES;
				CLANG_ANALYZER_NUMBER_OBJECT_CONVERSION = YES_AGGRESSIVE;
				CLANG_CXX_LANGUAGE_STANDARD = "gnu++20";
				CLANG_ENABLE_MODULES = YES;
				CLANG_ENABLE_OBJC_ARC = YES;
				CLANG_ENABLE_OBJC_WEAK = YES;
				CLANG_WARN_BLOCK_CAPTURE_AUTORELEASING = YES;
				CLANG_WARN_BOOL_CONVERSION = YES;
				CLANG_WARN_COMMA = YES;
				CLANG_WARN_CONSTANT_CONVERSION = YES;
				CLANG_WARN_DEPRECATED_OBJC_IMPLEMENTATIONS = YES;
				CLANG_WARN_DIRECT_OBJC_ISA_USAGE = YES_ERROR;
				CLANG_WARN_DOCUMENTATION_COMMENTS = YES;
				CLANG_WARN_EMPTY_BODY = YES;
				CLANG_WARN_ENUM_CONVERSION = YES;
				CLANG_WARN_INFINITE_RECURSION = YES;
				CLANG_WARN_INT_CONVERSION = YES;
				CLANG_WARN_NON_LITERAL_NULL_CONVERSION = YES;
				CLANG_WARN_OBJC_IMPLICIT_RETAIN_SELF = YES;
				CLANG_WARN_OBJC_LITERAL_CONVERSION = YES;
				CLANG_WARN_OBJC_ROOT_CLASS = YES_ERROR;
				CLANG_WARN_QUOTED_INCLUDE_IN_FRAMEWORK_HEADER = YES;
				CLANG_WARN_RANGE_LOOP_ANALYSIS = YES;
				CLANG_WARN_STRICT_PROTOTYPES = YES;
				CLANG_WARN_SUSPICIOUS_MOVE = YES;
				CLANG_WARN_UNGUARDED_AVAILABILITY = YES_AGGRESSIVE;
				CLANG_WARN_UNREACHABLE_CODE = YES;
				CLANG_WARN__DUPLICATE_METHOD_MATCH = YES;
				COPY_PHASE_STRIP = NO;
				DEBUG_INFORMATION_FORMAT = "dwarf-with-dsym";
				ENABLE_NS_ASSERTIONS = NO;
				ENABLE_STRICT_OBJC_MSGSEND = YES;
				GCC_C_LANGUAGE_STANDARD = gnu11;
				GCC_NO_COMMON_BLOCKS = YES;
				GCC_WARN_64_TO_32_BIT_CONVERSION = YES;
				GCC_WARN_ABOUT_RETURN_TYPE = YES_ERROR;
				GCC_WARN_UNDECLARED_SELECTOR = YES;
				GCC_WARN_UNINITIALIZED_AUTOS = YES_AGGRESSIVE;
				GCC_WARN_UNUSED_FUNCTION = YES;
				GCC_WARN_UNUSED_VARIABLE = YES;
				IPHONEOS_DEPLOYMENT_TARGET = 16.2;
				MTL_ENABLE_DEBUG_INFO = NO;
				MTL_FAST_MATH = YES;
				SDKROOT = iphoneos;
				SWIFT_COMPILATION_MODE = wholemodule;
				SWIFT_OPTIMIZATION_LEVEL = "-O";
				VALIDATE_PRODUCT = YES;
			};
			name = Release;
		};
		EB7B7BF2298BF128002345E4 /* Debug */ = {
			isa = XCBuildConfiguration;
			buildSettings = {
				ASSETCATALOG_COMPILER_APPICON_NAME = AppIcon;
				ASSETCATALOG_COMPILER_GLOBAL_ACCENT_COLOR_NAME = AccentColor;
				CODE_SIGN_STYLE = Automatic;
				CURRENT_PROJECT_VERSION = 1;
				DEVELOPMENT_TEAM = UG5BZ46HRW;
				GENERATE_INFOPLIST_FILE = YES;
				INFOPLIST_FILE = RPS23/Info.plist;
				INFOPLIST_KEY_UIApplicationSupportsIndirectInputEvents = YES;
				INFOPLIST_KEY_UILaunchStoryboardName = LaunchScreen;
				INFOPLIST_KEY_UIMainStoryboardFile = Main;
				INFOPLIST_KEY_UISupportedInterfaceOrientations_iPad = "UIInterfaceOrientationPortrait UIInterfaceOrientationPortraitUpsideDown UIInterfaceOrientationLandscapeLeft UIInterfaceOrientationLandscapeRight";
				INFOPLIST_KEY_UISupportedInterfaceOrientations_iPhone = "UIInterfaceOrientationPortrait UIInterfaceOrientationLandscapeLeft UIInterfaceOrientationLandscapeRight";
				LD_RUNPATH_SEARCH_PATHS = (
					"$(inherited)",
					"@executable_path/Frameworks",
				);
				MARKETING_VERSION = 1.0;
				PRODUCT_BUNDLE_IDENTIFIER = com.fouttyappdevelopment.RPS23;
				PRODUCT_NAME = "$(TARGET_NAME)";
				SWIFT_EMIT_LOC_STRINGS = YES;
				SWIFT_VERSION = 5.0;
				TARGETED_DEVICE_FAMILY = "1,2";
			};
			name = Debug;
		};
		EB7B7BF3298BF128002345E4 /* Release */ = {
			isa = XCBuildConfiguration;
			buildSettings = {
				ASSETCATALOG_COMPILER_APPICON_NAME = AppIcon;
				ASSETCATALOG_COMPILER_GLOBAL_ACCENT_COLOR_NAME = AccentColor;
				CODE_SIGN_STYLE = Automatic;
				CURRENT_PROJECT_VERSION = 1;
				DEVELOPMENT_TEAM = UG5BZ46HRW;
				GENERATE_INFOPLIST_FILE = YES;
				INFOPLIST_FILE = RPS23/Info.plist;
				INFOPLIST_KEY_UIApplicationSupportsIndirectInputEvents = YES;
				INFOPLIST_KEY_UILaunchStoryboardName = LaunchScreen;
				INFOPLIST_KEY_UIMainStoryboardFile = Main;
				INFOPLIST_KEY_UISupportedInterfaceOrientations_iPad = "UIInterfaceOrientationPortrait UIInterfaceOrientationPortraitUpsideDown UIInterfaceOrientationLandscapeLeft UIInterfaceOrientationLandscapeRight";
				INFOPLIST_KEY_UISupportedInterfaceOrientations_iPhone = "UIInterfaceOrientationPortrait UIInterfaceOrientationLandscapeLeft UIInterfaceOrientationLandscapeRight";
				LD_RUNPATH_SEARCH_PATHS = (
					"$(inherited)",
					"@executable_path/Frameworks",
				);
				MARKETING_VERSION = 1.0;
				PRODUCT_BUNDLE_IDENTIFIER = com.fouttyappdevelopment.RPS23;
				PRODUCT_NAME = "$(TARGET_NAME)";
				SWIFT_EMIT_LOC_STRINGS = YES;
				SWIFT_VERSION = 5.0;
				TARGETED_DEVICE_FAMILY = "1,2";
			};
			name = Release;
		};
/* End XCBuildConfiguration section */

/* Begin XCConfigurationList section */
		EB7B7BD8298BF127002345E4 /* Build configuration list for PBXProject "RPS23" */ = {
			isa = XCConfigurationList;
			buildConfigurations = (
				EB7B7BEF298BF128002345E4 /* Debug */,
				EB7B7BF0298BF128002345E4 /* Release */,
			);
			defaultConfigurationIsVisible = 0;
			defaultConfigurationName = Release;
		};
		EB7B7BF1298BF128002345E4 /* Build configuration list for PBXNativeTarget "RPS23" */ = {
			isa = XCConfigurationList;
			buildConfigurations = (
				EB7B7BF2298BF128002345E4 /* Debug */,
				EB7B7BF3298BF128002345E4 /* Release */,
			);
			defaultConfigurationIsVisible = 0;
			defaultConfigurationName = Release;
		};
/* End XCConfigurationList section */
	};
	rootObject = EB7B7BD5298BF127002345E4 /* Project object */;
}
